Microsoft Visual Studio Solution File, Format Version 12.00
# Visual Studio Version 17
VisualStudioVersion = 17.5.2.0
MinimumVisualStudioVersion = 10.0.40219.1
Project("{FAE04EC0-301F-11D3-BF4B-00C04F79EFBC}") = "TagMyBookAPI", "TagMyBookAPI\TagMyBookAPI.csproj", "{7BFD6BF2-2323-E9E1-C33E-3B32A529D3CE}"
EndProject
Global
	GlobalSection(SolutionConfigurationPlatforms) = preSolution
		Debug|Any CPU = Debug|Any CPU
		Release|Any CPU = Release|Any CPU
	EndGlobalSection
	GlobalSection(ProjectConfigurationPlatforms) = postSolution
		{7BFD6BF2-2323-E9E1-C33E-3B32A529D3CE}.Debug|Any CPU.ActiveCfg = Debug|Any CPU
		{7BFD6BF2-2323-E9E1-C33E-3B32A529D3CE}.Debug|Any CPU.Build.0 = Debug|Any CPU
		{7BFD6BF2-2323-E9E1-C33E-3B32A529D3CE}.Release|Any CPU.ActiveCfg = Release|Any CPU
		{7BFD6BF2-2323-E9E1-C33E-3B32A529D3CE}.Release|Any CPU.Build.0 = Release|Any CPU
	EndGlobalSection
	GlobalSection(SolutionProperties) = preSolution
		HideSolutionNode = FALSE
	EndGlobalSection
	GlobalSection(ExtensibilityGlobals) = postSolution
		SolutionGuid = {9B744ECF-4E08-4D1F-836D-A1D7A54733F6}
	EndGlobalSection
EndGlobal
